// !$*UTF8*$!
{
	archiveVersion = 1;
	classes = {
	};
	objectVersion = 50;
	objects = {

/* Begin PBXBuildFile section */
		DD85A54125624F8A00586B35 /* ScanDocumentView.swift in Sources */ = {isa = PBXBuildFile; fileRef = DD85A54025624F8A00586B35 /* ScanDocumentView.swift */; };
		DDC4F16B2558CE400089C30C /* FoodWasteApp.swift in Sources */ = {isa = PBXBuildFile; fileRef = DDC4F16A2558CE400089C30C /* FoodWasteApp.swift */; };
		DDC4F16D2558CE400089C30C /* ContentView.swift in Sources */ = {isa = PBXBuildFile; fileRef = DDC4F16C2558CE400089C30C /* ContentView.swift */; };
		DDC4F16F2558CE420089C30C /* Assets.xcassets in Resources */ = {isa = PBXBuildFile; fileRef = DDC4F16E2558CE420089C30C /* Assets.xcassets */; };
		DDC4F1722558CE420089C30C /* Preview Assets.xcassets in Resources */ = {isa = PBXBuildFile; fileRef = DDC4F1712558CE420089C30C /* Preview Assets.xcassets */; };
		DDC4F1742558CE420089C30C /* Persistence.swift in Sources */ = {isa = PBXBuildFile; fileRef = DDC4F1732558CE420089C30C /* Persistence.swift */; };
		DDC4F1772558CE420089C30C /* FoodWaste.xcdatamodeld in Sources */ = {isa = PBXBuildFile; fileRef = DDC4F1752558CE420089C30C /* FoodWaste.xcdatamodeld */; };
		DDC4F1822558CE420089C30C /* FoodWasteTests.swift in Sources */ = {isa = PBXBuildFile; fileRef = DDC4F1812558CE420089C30C /* FoodWasteTests.swift */; };
		DDC4F18D2558CE420089C30C /* FoodWasteUITests.swift in Sources */ = {isa = PBXBuildFile; fileRef = DDC4F18C2558CE420089C30C /* FoodWasteUITests.swift */; };
		DDF875B92564565D007BBB18 /* Pantry.swift in Sources */ = {isa = PBXBuildFile; fileRef = DDF875B82564565D007BBB18 /* Pantry.swift */; };
/* End PBXBuildFile section */

/* Begin PBXContainerItemProxy section */
		DDC4F17E2558CE420089C30C /* PBXContainerItemProxy */ = {
			isa = PBXContainerItemProxy;
			containerPortal = DDC4F15F2558CE400089C30C /* Project object */;
			proxyType = 1;
			remoteGlobalIDString = DDC4F1662558CE400089C30C;
			remoteInfo = FoodWaste;
		};
		DDC4F1892558CE420089C30C /* PBXContainerItemProxy */ = {
			isa = PBXContainerItemProxy;
			containerPortal = DDC4F15F2558CE400089C30C /* Project object */;
			proxyType = 1;
			remoteGlobalIDString = DDC4F1662558CE400089C30C;
			remoteInfo = FoodWaste;
		};
/* End PBXContainerItemProxy section */

/* Begin PBXFileReference section */
		DD85A54025624F8A00586B35 /* ScanDocumentView.swift */ = {isa = PBXFileReference; lastKnownFileType = sourcecode.swift; path = ScanDocumentView.swift; sourceTree = "<group>"; };
		DDC4F1672558CE400089C30C /* FoodWaste.app */ = {isa = PBXFileReference; explicitFileType = wrapper.application; includeInIndex = 0; path = FoodWaste.app; sourceTree = BUILT_PRODUCTS_DIR; };
		DDC4F16A2558CE400089C30C /* FoodWasteApp.swift */ = {isa = PBXFileReference; lastKnownFileType = sourcecode.swift; path = FoodWasteApp.swift; sourceTree = "<group>"; };
		DDC4F16C2558CE400089C30C /* ContentView.swift */ = {isa = PBXFileReference; lastKnownFileType = sourcecode.swift; path = ContentView.swift; sourceTree = "<group>"; };
		DDC4F16E2558CE420089C30C /* Assets.xcassets */ = {isa = PBXFileReference; lastKnownFileType = folder.assetcatalog; path = Assets.xcassets; sourceTree = "<group>"; };
		DDC4F1712558CE420089C30C /* Preview Assets.xcassets */ = {isa = PBXFileReference; lastKnownFileType = folder.assetcatalog; path = "Preview Assets.xcassets"; sourceTree = "<group>"; };
		DDC4F1732558CE420089C30C /* Persistence.swift */ = {isa = PBXFileReference; lastKnownFileType = sourcecode.swift; path = Persistence.swift; sourceTree = "<group>"; };
		DDC4F1762558CE420089C30C /* FoodWaste.xcdatamodel */ = {isa = PBXFileReference; lastKnownFileType = wrapper.xcdatamodel; path = FoodWaste.xcdatamodel; sourceTree = "<group>"; };
		DDC4F1782558CE420089C30C /* Info.plist */ = {isa = PBXFileReference; lastKnownFileType = text.plist.xml; path = Info.plist; sourceTree = "<group>"; };
		DDC4F17D2558CE420089C30C /* FoodWasteTests.xctest */ = {isa = PBXFileReference; explicitFileType = wrapper.cfbundle; includeInIndex = 0; path = FoodWasteTests.xctest; sourceTree = BUILT_PRODUCTS_DIR; };
		DDC4F1812558CE420089C30C /* FoodWasteTests.swift */ = {isa = PBXFileReference; lastKnownFileType = sourcecode.swift; path = FoodWasteTests.swift; sourceTree = "<group>"; };
		DDC4F1832558CE420089C30C /* Info.plist */ = {isa = PBXFileReference; lastKnownFileType = text.plist.xml; path = Info.plist; sourceTree = "<group>"; };
		DDC4F1882558CE420089C30C /* FoodWasteUITests.xctest */ = {isa = PBXFileReference; explicitFileType = wrapper.cfbundle; includeInIndex = 0; path = FoodWasteUITests.xctest; sourceTree = BUILT_PRODUCTS_DIR; };
		DDC4F18C2558CE420089C30C /* FoodWasteUITests.swift */ = {isa = PBXFileReference; lastKnownFileType = sourcecode.swift; path = FoodWasteUITests.swift; sourceTree = "<group>"; };
		DDC4F18E2558CE420089C30C /* Info.plist */ = {isa = PBXFileReference; lastKnownFileType = text.plist.xml; path = Info.plist; sourceTree = "<group>"; };
		DDF875B82564565D007BBB18 /* Pantry.swift */ = {isa = PBXFileReference; lastKnownFileType = sourcecode.swift; path = Pantry.swift; sourceTree = "<group>"; };
/* End PBXFileReference section */

/* Begin PBXFrameworksBuildPhase section */
		DDC4F1642558CE400089C30C /* Frameworks */ = {
			isa = PBXFrameworksBuildPhase;
			buildActionMask = 2147483647;
			files = (
			);
			runOnlyForDeploymentPostprocessing = 0;
		};
		DDC4F17A2558CE420089C30C /* Frameworks */ = {
			isa = PBXFrameworksBuildPhase;
			buildActionMask = 2147483647;
			files = (
			);
			runOnlyForDeploymentPostprocessing = 0;
		};
		DDC4F1852558CE420089C30C /* Frameworks */ = {
			isa = PBXFrameworksBuildPhase;
			buildActionMask = 2147483647;
			files = (
			);
			runOnlyForDeploymentPostprocessing = 0;
		};
/* End PBXFrameworksBuildPhase section */

/* Begin PBXGroup section */
		DDC4F15E2558CE400089C30C = {
			isa = PBXGroup;
			children = (
				DDC4F1692558CE400089C30C /* FoodWaste */,
				DDC4F1802558CE420089C30C /* FoodWasteTests */,
				DDC4F18B2558CE420089C30C /* FoodWasteUITests */,
				DDC4F1682558CE400089C30C /* Products */,
			);
			sourceTree = "<group>";
		};
		DDC4F1682558CE400089C30C /* Products */ = {
			isa = PBXGroup;
			children = (
				DDC4F1672558CE400089C30C /* FoodWaste.app */,
				DDC4F17D2558CE420089C30C /* FoodWasteTests.xctest */,
				DDC4F1882558CE420089C30C /* FoodWasteUITests.xctest */,
			);
			name = Products;
			sourceTree = "<group>";
		};
		DDC4F1692558CE400089C30C /* FoodWaste */ = {
			isa = PBXGroup;
			children = (
				DDF875B42564563B007BBB18 /* Util */,
				DDF875B32564561C007BBB18 /* Views */,
				DDF875B225645614007BBB18 /* Model */,
				DDC4F16A2558CE400089C30C /* FoodWasteApp.swift */,
				DDC4F16E2558CE420089C30C /* Assets.xcassets */,
				DDC4F1782558CE420089C30C /* Info.plist */,
				DDC4F1752558CE420089C30C /* FoodWaste.xcdatamodeld */,
				DDC4F1702558CE420089C30C /* Preview Content */,
				DD85A54025624F8A00586B35 /* ScanDocumentView.swift */,
			);
			path = FoodWaste;
			sourceTree = "<group>";
		};
		DDC4F1702558CE420089C30C /* Preview Content */ = {
			isa = PBXGroup;
			children = (
				DDC4F1712558CE420089C30C /* Preview Assets.xcassets */,
			);
			path = "Preview Content";
			sourceTree = "<group>";
		};
		DDC4F1802558CE420089C30C /* FoodWasteTests */ = {
			isa = PBXGroup;
			children = (
				DDC4F1812558CE420089C30C /* FoodWasteTests.swift */,
				DDC4F1832558CE420089C30C /* Info.plist */,
			);
			path = FoodWasteTests;
			sourceTree = "<group>";
		};
		DDC4F18B2558CE420089C30C /* FoodWasteUITests */ = {
			isa = PBXGroup;
			children = (
				DDC4F18C2558CE420089C30C /* FoodWasteUITests.swift */,
				DDC4F18E2558CE420089C30C /* Info.plist */,
			);
			path = FoodWasteUITests;
			sourceTree = "<group>";
		};
		DDF875B225645614007BBB18 /* Model */ = {
			isa = PBXGroup;
			children = (
				DDF875B82564565D007BBB18 /* Pantry.swift */,
			);
			path = Model;
			sourceTree = "<group>";
		};
		DDF875B32564561C007BBB18 /* Views */ = {
			isa = PBXGroup;
			children = (
				DDC4F16C2558CE400089C30C /* ContentView.swift */,
			);
			path = Views;
			sourceTree = "<group>";
		};
		DDF875B42564563B007BBB18 /* Util */ = {
			isa = PBXGroup;
			children = (
				DDC4F1732558CE420089C30C /* Persistence.swift */,
			);
			path = Util;
			sourceTree = "<group>";
		};
/* End PBXGroup section */

/* Begin PBXNativeTarget section */
		DDC4F1662558CE400089C30C /* FoodWaste */ = {
			isa = PBXNativeTarget;
			buildConfigurationList = DDC4F1912558CE420089C30C /* Build configuration list for PBXNativeTarget "FoodWaste" */;
			buildPhases = (
				DDC4F1632558CE400089C30C /* Sources */,
				DDC4F1642558CE400089C30C /* Frameworks */,
				DDC4F1652558CE400089C30C /* Resources */,
			);
			buildRules = (
			);
			dependencies = (
			);
			name = FoodWaste;
			productName = FoodWaste;
			productReference = DDC4F1672558CE400089C30C /* FoodWaste.app */;
			productType = "com.apple.product-type.application";
		};
		DDC4F17C2558CE420089C30C /* FoodWasteTests */ = {
			isa = PBXNativeTarget;
			buildConfigurationList = DDC4F1942558CE420089C30C /* Build configuration list for PBXNativeTarget "FoodWasteTests" */;
			buildPhases = (
				DDC4F1792558CE420089C30C /* Sources */,
				DDC4F17A2558CE420089C30C /* Frameworks */,
				DDC4F17B2558CE420089C30C /* Resources */,
			);
			buildRules = (
			);
			dependencies = (
				DDC4F17F2558CE420089C30C /* PBXTargetDependency */,
			);
			name = FoodWasteTests;
			productName = FoodWasteTests;
			productReference = DDC4F17D2558CE420089C30C /* FoodWasteTests.xctest */;
			productType = "com.apple.product-type.bundle.unit-test";
		};
		DDC4F1872558CE420089C30C /* FoodWasteUITests */ = {
			isa = PBXNativeTarget;
			buildConfigurationList = DDC4F1972558CE420089C30C /* Build configuration list for PBXNativeTarget "FoodWasteUITests" */;
			buildPhases = (
				DDC4F1842558CE420089C30C /* Sources */,
				DDC4F1852558CE420089C30C /* Frameworks */,
				DDC4F1862558CE420089C30C /* Resources */,
			);
			buildRules = (
			);
			dependencies = (
				DDC4F18A2558CE420089C30C /* PBXTargetDependency */,
			);
			name = FoodWasteUITests;
			productName = FoodWasteUITests;
			productReference = DDC4F1882558CE420089C30C /* FoodWasteUITests.xctest */;
			productType = "com.apple.product-type.bundle.ui-testing";
		};
/* End PBXNativeTarget section */

/* Begin PBXProject section */
		DDC4F15F2558CE400089C30C /* Project object */ = {
			isa = PBXProject;
			attributes = {
				LastSwiftUpdateCheck = 1220;
				LastUpgradeCheck = 1220;
				TargetAttributes = {
					DDC4F1662558CE400089C30C = {
						CreatedOnToolsVersion = 12.2;
					};
					DDC4F17C2558CE420089C30C = {
						CreatedOnToolsVersion = 12.2;
						TestTargetID = DDC4F1662558CE400089C30C;
					};
					DDC4F1872558CE420089C30C = {
						CreatedOnToolsVersion = 12.2;
						TestTargetID = DDC4F1662558CE400089C30C;
					};
				};
			};
			buildConfigurationList = DDC4F1622558CE400089C30C /* Build configuration list for PBXProject "FoodWaste" */;
			compatibilityVersion = "Xcode 9.3";
			developmentRegion = en;
			hasScannedForEncodings = 0;
			knownRegions = (
				en,
				Base,
			);
			mainGroup = DDC4F15E2558CE400089C30C;
			productRefGroup = DDC4F1682558CE400089C30C /* Products */;
			projectDirPath = "";
			projectRoot = "";
			targets = (
				DDC4F1662558CE400089C30C /* FoodWaste */,
				DDC4F17C2558CE420089C30C /* FoodWasteTests */,
				DDC4F1872558CE420089C30C /* FoodWasteUITests */,
			);
		};
/* End PBXProject section */

/* Begin PBXResourcesBuildPhase section */
		DDC4F1652558CE400089C30C /* Resources */ = {
			isa = PBXResourcesBuildPhase;
			buildActionMask = 2147483647;
			files = (
				DDC4F1722558CE420089C30C /* Preview Assets.xcassets in Resources */,
				DDC4F16F2558CE420089C30C /* Assets.xcassets in Resources */,
			);
			runOnlyForDeploymentPostprocessing = 0;
		};
		DDC4F17B2558CE420089C30C /* Resources */ = {
			isa = PBXResourcesBuildPhase;
			buildActionMask = 2147483647;
			files = (
			);
			runOnlyForDeploymentPostprocessing = 0;
		};
		DDC4F1862558CE420089C30C /* Resources */ = {
			isa = PBXResourcesBuildPhase;
			buildActionMask = 2147483647;
			files = (
			);
			runOnlyForDeploymentPostprocessing = 0;
		};
/* End PBXResourcesBuildPhase section */

/* Begin PBXSourcesBuildPhase section */
		DDC4F1632558CE400089C30C /* Sources */ = {
			isa = PBXSourcesBuildPhase;
			buildActionMask = 2147483647;
			files = (
				DDC4F1742558CE420089C30C /* Persistence.swift in Sources */,
				DDC4F16D2558CE400089C30C /* ContentView.swift in Sources */,
				DDC4F1772558CE420089C30C /* FoodWaste.xcdatamodeld in Sources */,
				DDF875B92564565D007BBB18 /* Pantry.swift in Sources */,
				DD85A54125624F8A00586B35 /* ScanDocumentView.swift in Sources */,
				DDC4F16B2558CE400089C30C /* FoodWasteApp.swift in Sources */,
			);
			runOnlyForDeploymentPostprocessing = 0;
		};
		DDC4F1792558CE420089C30C /* Sources */ = {
			isa = PBXSourcesBuildPhase;
			buildActionMask = 2147483647;
			files = (
				DDC4F1822558CE420089C30C /* FoodWasteTests.swift in Sources */,
			);
			runOnlyForDeploymentPostprocessing = 0;
		};
		DDC4F1842558CE420089C30C /* Sources */ = {
			isa = PBXSourcesBuildPhase;
			buildActionMask = 2147483647;
			files = (
				DDC4F18D2558CE420089C30C /* FoodWasteUITests.swift in Sources */,
			);
			runOnlyForDeploymentPostprocessing = 0;
		};
/* End PBXSourcesBuildPhase section */

/* Begin PBXTargetDependency section */
		DDC4F17F2558CE420089C30C /* PBXTargetDependency */ = {
			isa = PBXTargetDependency;
			target = DDC4F1662558CE400089C30C /* FoodWaste */;
			targetProxy = DDC4F17E2558CE420089C30C /* PBXContainerItemProxy */;
		};
		DDC4F18A2558CE420089C30C /* PBXTargetDependency */ = {
			isa = PBXTargetDependency;
			target = DDC4F1662558CE400089C30C /* FoodWaste */;
			targetProxy = DDC4F1892558CE420089C30C /* PBXContainerItemProxy */;
		};
/* End PBXTargetDependency section */

/* Begin XCBuildConfiguration section */
		DDC4F18F2558CE420089C30C /* Debug */ = {
			isa = XCBuildConfiguration;
			buildSettings = {
				ALWAYS_SEARCH_USER_PATHS = NO;
				CLANG_ANALYZER_NONNULL = YES;
				CLANG_ANALYZER_NUMBER_OBJECT_CONVERSION = YES_AGGRESSIVE;
				CLANG_CXX_LANGUAGE_STANDARD = "gnu++14";
				CLANG_CXX_LIBRARY = "libc++";
				CLANG_ENABLE_MODULES = YES;
				CLANG_ENABLE_OBJC_ARC = YES;
				CLANG_ENABLE_OBJC_WEAK = YES;
				CLANG_WARN_BLOCK_CAPTURE_AUTORELEASING = YES;
				CLANG_WARN_BOOL_CONVERSION = YES;
				CLANG_WARN_COMMA = YES;
				CLANG_WARN_CONSTANT_CONVERSION = YES;
				CLANG_WARN_DEPRECATED_OBJC_IMPLEMENTATIONS = YES;
				CLANG_WARN_DIRECT_OBJC_ISA_USAGE = YES_ERROR;
				CLANG_WARN_DOCUMENTATION_COMMENTS = YES;
				CLANG_WARN_EMPTY_BODY = YES;
				CLANG_WARN_ENUM_CONVERSION = YES;
				CLANG_WARN_INFINITE_RECURSION = YES;
				CLANG_WARN_INT_CONVERSION = YES;
				CLANG_WARN_NON_LITERAL_NULL_CONVERSION = YES;
				CLANG_WARN_OBJC_IMPLICIT_RETAIN_SELF = YES;
				CLANG_WARN_OBJC_LITERAL_CONVERSION = YES;
				CLANG_WARN_OBJC_ROOT_CLASS = YES_ERROR;
				CLANG_WARN_QUOTED_INCLUDE_IN_FRAMEWORK_HEADER = YES;
				CLANG_WARN_RANGE_LOOP_ANALYSIS = YES;
				CLANG_WARN_STRICT_PROTOTYPES = YES;
				CLANG_WARN_SUSPICIOUS_MOVE = YES;
				CLANG_WARN_UNGUARDED_AVAILABILITY = YES_AGGRESSIVE;
				CLANG_WARN_UNREACHABLE_CODE = YES;
				CLANG_WARN__DUPLICATE_METHOD_MATCH = YES;
				COPY_PHASE_STRIP = NO;
				DEBUG_INFORMATION_FORMAT = dwarf;
				ENABLE_STRICT_OBJC_MSGSEND = YES;
				ENABLE_TESTABILITY = YES;
				GCC_C_LANGUAGE_STANDARD = gnu11;
				GCC_DYNAMIC_NO_PIC = NO;
				GCC_NO_COMMON_BLOCKS = YES;
				GCC_OPTIMIZATION_LEVEL = 0;
				GCC_PREPROCESSOR_DEFINITIONS = (
					"DEBUG=1",
					"$(inherited)",
				);
				GCC_WARN_64_TO_32_BIT_CONVERSION = YES;
				GCC_WARN_ABOUT_RETURN_TYPE = YES_ERROR;
				GCC_WARN_UNDECLARED_SELECTOR = YES;
				GCC_WARN_UNINITIALIZED_AUTOS = YES_AGGRESSIVE;
				GCC_WARN_UNUSED_FUNCTION = YES;
				GCC_WARN_UNUSED_VARIABLE = YES;
				IPHONEOS_DEPLOYMENT_TARGET = 14.2;
				MTL_ENABLE_DEBUG_INFO = INCLUDE_SOURCE;
				MTL_FAST_MATH = YES;
				ONLY_ACTIVE_ARCH = YES;
				SDKROOT = iphoneos;
				SWIFT_ACTIVE_COMPILATION_CONDITIONS = DEBUG;
				SWIFT_OPTIMIZATION_LEVEL = "-Onone";
			};
			name = Debug;
		};
		DDC4F1902558CE420089C30C /* Release */ = {
			isa = XCBuildConfiguration;
			buildSettings = {
				ALWAYS_SEARCH_USER_PATHS = NO;
				CLANG_ANALYZER_NONNULL = YES;
				CLANG_ANALYZER_NUMBER_OBJECT_CONVERSION = YES_AGGRESSIVE;
				CLANG_CXX_LANGUAGE_STANDARD = "gnu++14";
				CLANG_CXX_LIBRARY = "libc++";
				CLANG_ENABLE_MODULES = YES;
				CLANG_ENABLE_OBJC_ARC = YES;
				CLANG_ENABLE_OBJC_WEAK = YES;
				CLANG_WARN_BLOCK_CAPTURE_AUTORELEASING = YES;
				CLANG_WARN_BOOL_CONVERSION = YES;
				CLANG_WARN_COMMA = YES;
				CLANG_WARN_CONSTANT_CONVERSION = YES;
				CLANG_WARN_DEPRECATED_OBJC_IMPLEMENTATIONS = YES;
				CLANG_WARN_DIRECT_OBJC_ISA_USAGE = YES_ERROR;
				CLANG_WARN_DOCUMENTATION_COMMENTS = YES;
				CLANG_WARN_EMPTY_BODY = YES;
				CLANG_WARN_ENUM_CONVERSION = YES;
				CLANG_WARN_INFINITE_RECURSION = YES;
				CLANG_WARN_INT_CONVERSION = YES;
				CLANG_WARN_NON_LITERAL_NULL_CONVERSION = YES;
				CLANG_WARN_OBJC_IMPLICIT_RETAIN_SELF = YES;
				CLANG_WARN_OBJC_LITERAL_CONVERSION = YES;
				CLANG_WARN_OBJC_ROOT_CLASS = YES_ERROR;
				CLANG_WARN_QUOTED_INCLUDE_IN_FRAMEWORK_HEADER = YES;
				CLANG_WARN_RANGE_LOOP_ANALYSIS = YES;
				CLANG_WARN_STRICT_PROTOTYPES = YES;
				CLANG_WARN_SUSPICIOUS_MOVE = YES;
				CLANG_WARN_UNGUARDED_AVAILABILITY = YES_AGGRESSIVE;
				CLANG_WARN_UNREACHABLE_CODE = YES;
				CLANG_WARN__DUPLICATE_METHOD_MATCH = YES;
				COPY_PHASE_STRIP = NO;
				DEBUG_INFORMATION_FORMAT = "dwarf-with-dsym";
				ENABLE_NS_ASSERTIONS = NO;
				ENABLE_STRICT_OBJC_MSGSEND = YES;
				GCC_C_LANGUAGE_STANDARD = gnu11;
				GCC_NO_COMMON_BLOCKS = YES;
				GCC_WARN_64_TO_32_BIT_CONVERSION = YES;
				GCC_WARN_ABOUT_RETURN_TYPE = YES_ERROR;
				GCC_WARN_UNDECLARED_SELECTOR = YES;
				GCC_WARN_UNINITIALIZED_AUTOS = YES_AGGRESSIVE;
				GCC_WARN_UNUSED_FUNCTION = YES;
				GCC_WARN_UNUSED_VARIABLE = YES;
				IPHONEOS_DEPLOYMENT_TARGET = 14.2;
				MTL_ENABLE_DEBUG_INFO = NO;
				MTL_FAST_MATH = YES;
				SDKROOT = iphoneos;
				SWIFT_COMPILATION_MODE = wholemodule;
				SWIFT_OPTIMIZATION_LEVEL = "-O";
				VALIDATE_PRODUCT = YES;
			};
			name = Release;
		};
		DDC4F1922558CE420089C30C /* Debug */ = {
			isa = XCBuildConfiguration;
			buildSettings = {
				ASSETCATALOG_COMPILER_APPICON_NAME = AppIcon;
				ASSETCATALOG_COMPILER_GLOBAL_ACCENT_COLOR_NAME = AccentColor;
				CODE_SIGN_STYLE = Automatic;
				DEVELOPMENT_ASSET_PATHS = "\"FoodWaste/Preview Content\"";
				DEVELOPMENT_TEAM = FB246WNWUZ;
				ENABLE_PREVIEWS = YES;
				INFOPLIST_FILE = FoodWaste/Info.plist;
				IPHONEOS_DEPLOYMENT_TARGET = 14.0;
				LD_RUNPATH_SEARCH_PATHS = (
					"$(inherited)",
					"@executable_path/Frameworks",
				);
				PRODUCT_BUNDLE_IDENTIFIER = amadeo.FoodWaste;
				PRODUCT_NAME = "$(TARGET_NAME)";
				SWIFT_VERSION = 5.0;
				TARGETED_DEVICE_FAMILY = "1,2";
			};
			name = Debug;
		};
		DDC4F1932558CE420089C30C /* Release */ = {
			isa = XCBuildConfiguration;
			buildSettings = {
				ASSETCATALOG_COMPILER_APPICON_NAME = AppIcon;
				ASSETCATALOG_COMPILER_GLOBAL_ACCENT_COLOR_NAME = AccentColor;
				CODE_SIGN_STYLE = Automatic;
				DEVELOPMENT_ASSET_PATHS = "\"FoodWaste/Preview Content\"";
				DEVELOPMENT_TEAM = FB246WNWUZ;
				ENABLE_PREVIEWS = YES;
				INFOPLIST_FILE = FoodWaste/Info.plist;
				IPHONEOS_DEPLOYMENT_TARGET = 14.0;
				LD_RUNPATH_SEARCH_PATHS = (
					"$(inherited)",
					"@executable_path/Frameworks",
				);
				PRODUCT_BUNDLE_IDENTIFIER = amadeo.FoodWaste;
				PRODUCT_NAME = "$(TARGET_NAME)";
				SWIFT_VERSION = 5.0;
				TARGETED_DEVICE_FAMILY = "1,2";
			};
			name = Release;
		};
		DDC4F1952558CE420089C30C /* Debug */ = {
			isa = XCBuildConfiguration;
			buildSettings = {
				ALWAYS_EMBED_SWIFT_STANDARD_LIBRARIES = YES;
				BUNDLE_LOADER = "$(TEST_HOST)";
				CODE_SIGN_STYLE = Automatic;
				DEVELOPMENT_TEAM = FB246WNWUZ;
				INFOPLIST_FILE = FoodWasteTests/Info.plist;
				IPHONEOS_DEPLOYMENT_TARGET = 14.0;
				LD_RUNPATH_SEARCH_PATHS = (
					"$(inherited)",
					"@executable_path/Frameworks",
					"@loader_path/Frameworks",
				);
				PRODUCT_BUNDLE_IDENTIFIER = amadeo.FoodWasteTests;
				PRODUCT_NAME = "$(TARGET_NAME)";
				SWIFT_VERSION = 5.0;
				TARGETED_DEVICE_FAMILY = "1,2";
				TEST_HOST = "$(BUILT_PRODUCTS_DIR)/FoodWaste.app/FoodWaste";
			};
			name = Debug;
		};
		DDC4F1962558CE420089C30C /* Release */ = {
			isa = XCBuildConfiguration;
			buildSettings = {
				ALWAYS_EMBED_SWIFT_STANDARD_LIBRARIES = YES;
				BUNDLE_LOADER = "$(TEST_HOST)";
				CODE_SIGN_STYLE = Automatic;
				DEVELOPMENT_TEAM = FB246WNWUZ;
				INFOPLIST_FILE = FoodWasteTests/Info.plist;
				IPHONEOS_DEPLOYMENT_TARGET = 14.0;
				LD_RUNPATH_SEARCH_PATHS = (
					"$(inherited)",
					"@executable_path/Frameworks",
					"@loader_path/Frameworks",
				);
				PRODUCT_BUNDLE_IDENTIFIER = amadeo.FoodWasteTests;
				PRODUCT_NAME = "$(TARGET_NAME)";
				SWIFT_VERSION = 5.0;
				TARGETED_DEVICE_FAMILY = "1,2";
				TEST_HOST = "$(BUILT_PRODUCTS_DIR)/FoodWaste.app/FoodWaste";
			};
			name = Release;
		};
		DDC4F1982558CE420089C30C /* Debug */ = {
			isa = XCBuildConfiguration;
			buildSettings = {
				ALWAYS_EMBED_SWIFT_STANDARD_LIBRARIES = YES;
				CODE_SIGN_STYLE = Automatic;
				DEVELOPMENT_TEAM = FB246WNWUZ;
				INFOPLIST_FILE = FoodWasteUITests/Info.plist;
				LD_RUNPATH_SEARCH_PATHS = (
					"$(inherited)",
					"@executable_path/Frameworks",
					"@loader_path/Frameworks",
				);
				PRODUCT_BUNDLE_IDENTIFIER = amadeo.FoodWasteUITests;
				PRODUCT_NAME = "$(TARGET_NAME)";
				SWIFT_VERSION = 5.0;
				TARGETED_DEVICE_FAMILY = "1,2";
				TEST_TARGET_NAME = FoodWaste;
			};
			name = Debug;
		};
		DDC4F1992558CE420089C30C /* Release */ = {
			isa = XCBuildConfiguration;
			buildSettings = {
				ALWAYS_EMBED_SWIFT_STANDARD_LIBRARIES = YES;
				CODE_SIGN_STYLE = Automatic;
				DEVELOPMENT_TEAM = FB246WNWUZ;
				INFOPLIST_FILE = FoodWasteUITests/Info.plist;
				LD_RUNPATH_SEARCH_PATHS = (
					"$(inherited)",
					"@executable_path/Frameworks",
					"@loader_path/Frameworks",
				);
				PRODUCT_BUNDLE_IDENTIFIER = amadeo.FoodWasteUITests;
				PRODUCT_NAME = "$(TARGET_NAME)";
				SWIFT_VERSION = 5.0;
				TARGETED_DEVICE_FAMILY = "1,2";
				TEST_TARGET_NAME = FoodWaste;
			};
			name = Release;
		};
/* End XCBuildConfiguration section */

/* Begin XCConfigurationList section */
		DDC4F1622558CE400089C30C /* Build configuration list for PBXProject "FoodWaste" */ = {
			isa = XCConfigurationList;
			buildConfigurations = (
				DDC4F18F2558CE420089C30C /* Debug */,
				DDC4F1902558CE420089C30C /* Release */,
			);
			defaultConfigurationIsVisible = 0;
			defaultConfigurationName = Release;
		};
		DDC4F1912558CE420089C30C /* Build configuration list for PBXNativeTarget "FoodWaste" */ = {
			isa = XCConfigurationList;
			buildConfigurations = (
				DDC4F1922558CE420089C30C /* Debug */,
				DDC4F1932558CE420089C30C /* Release */,
			);
			defaultConfigurationIsVisible = 0;
			defaultConfigurationName = Release;
		};
		DDC4F1942558CE420089C30C /* Build configuration list for PBXNativeTarget "FoodWasteTests" */ = {
			isa = XCConfigurationList;
			buildConfigurations = (
				DDC4F1952558CE420089C30C /* Debug */,
				DDC4F1962558CE420089C30C /* Release */,
			);
			defaultConfigurationIsVisible = 0;
			defaultConfigurationName = Release;
		};
		DDC4F1972558CE420089C30C /* Build configuration list for PBXNativeTarget "FoodWasteUITests" */ = {
			isa = XCConfigurationList;
			buildConfigurations = (
				DDC4F1982558CE420089C30C /* Debug */,
				DDC4F1992558CE420089C30C /* Release */,
			);
			defaultConfigurationIsVisible = 0;
			defaultConfigurationName = Release;
		};
/* End XCConfigurationList section */

/* Begin XCVersionGroup section */
		DDC4F1752558CE420089C30C /* FoodWaste.xcdatamodeld */ = {
			isa = XCVersionGroup;
			children = (
				DDC4F1762558CE420089C30C /* FoodWaste.xcdatamodel */,
			);
			currentVersion = DDC4F1762558CE420089C30C /* FoodWaste.xcdatamodel */;
			path = FoodWaste.xcdatamodeld;
			sourceTree = "<group>";
			versionGroupType = wrapper.xcdatamodel;
		};
/* End XCVersionGroup section */
	};
	rootObject = DDC4F15F2558CE400089C30C /* Project object */;
}
